
Microsoft Visual Studio Solution File, Format Version 12.00
# Visual Studio Version 16
VisualStudioVersion = 16.0.28922.388
MinimumVisualStudioVersion = 10.0.40219.1
Project("{9A19103F-16F7-4668-BE54-9A1E7A4F7556}") = "WebAPI", "WebAPI\WebAPI.csproj", "{D980CC80-90E3-4D04-8C2C-72506D9D713A}"
EndProject
Project("{9A19103F-16F7-4668-BE54-9A1E7A4F7556}") = "Models", "Models\Models.csproj", "{1481CCE7-8750-4387-9374-0701B9A993DF}"
EndProject
Project("{9A19103F-16F7-4668-BE54-9A1E7A4F7556}") = "Repository", "Repository\Repository.csproj", "{73569CC9-C02F-4DDA-8D8F-29A5690BAE73}"
EndProject
Project("{9A19103F-16F7-4668-BE54-9A1E7A4F7556}") = "DataTransferObjects", "DataTransferObjects\DataTransferObjects.csproj", "{30A9B8C3-F86B-4455-AC04-72DA1F14B52C}"
EndProject
Project("{2150E333-8FDC-42A3-9474-1A3956D46DE8}") = "Clients", "Clients", "{A9F87DEB-96CB-4CC7-A8CB-383B896CDD16}"
EndProject
Project("{FAE04EC0-301F-11D3-BF4B-00C04F79EFBC}") = "WinForms", "WinForms\WinForms.csproj", "{9DA16C22-67D2-400C-B772-8BB7A76B428B}"
EndProject
Project("{FAE04EC0-301F-11D3-BF4B-00C04F79EFBC}") = "XamarinForms.UWP", "XamarinForms\XamarinForms.UWP\XamarinForms.UWP.csproj", "{EAFDDE95-7C09-4653-86D5-D2A84E6D1B33}"
EndProject
Project("{FAE04EC0-301F-11D3-BF4B-00C04F79EFBC}") = "XamarinForms.Android", "XamarinForms\XamarinForms.Android\XamarinForms.Android.csproj", "{AF28AA09-710F-4112-9401-96182BC38A21}"
EndProject
Project("{FAE04EC0-301F-11D3-BF4B-00C04F79EFBC}") = "XamarinForms.iOS", "XamarinForms\XamarinForms.iOS\XamarinForms.iOS.csproj", "{4A598578-9173-45A0-B6DB-C436122000A8}"
EndProject
Project("{FAE04EC0-301F-11D3-BF4B-00C04F79EFBC}") = "XamarinForms", "XamarinForms\XamarinForms\XamarinForms.csproj", "{E6CB4257-ABCA-4C5D-8A90-6D57AC05735D}"
EndProject
Global
	GlobalSection(SolutionConfigurationPlatforms) = preSolution
		Debug|Any CPU = Debug|Any CPU
		Debug|ARM = Debug|ARM
		Debug|iPhone = Debug|iPhone
		Debug|iPhoneSimulator = Debug|iPhoneSimulator
		Debug|x64 = Debug|x64
		Debug|x86 = Debug|x86
		Release|Any CPU = Release|Any CPU
		Release|ARM = Release|ARM
		Release|iPhone = Release|iPhone
		Release|iPhoneSimulator = Release|iPhoneSimulator
		Release|x64 = Release|x64
		Release|x86 = Release|x86
	EndGlobalSection
	GlobalSection(ProjectConfigurationPlatforms) = postSolution
		{D980CC80-90E3-4D04-8C2C-72506D9D713A}.Debug|Any CPU.ActiveCfg = Debug|Any CPU
		{D980CC80-90E3-4D04-8C2C-72506D9D713A}.Debug|Any CPU.Build.0 = Debug|Any CPU
		{D980CC80-90E3-4D04-8C2C-72506D9D713A}.Debug|ARM.ActiveCfg = Debug|Any CPU
		{D980CC80-90E3-4D04-8C2C-72506D9D713A}.Debug|ARM.Build.0 = Debug|Any CPU
		{D980CC80-90E3-4D04-8C2C-72506D9D713A}.Debug|iPhone.ActiveCfg = Debug|Any CPU
		{D980CC80-90E3-4D04-8C2C-72506D9D713A}.Debug|iPhone.Build.0 = Debug|Any CPU
		{D980CC80-90E3-4D04-8C2C-72506D9D713A}.Debug|iPhoneSimulator.ActiveCfg = Debug|Any CPU
		{D980CC80-90E3-4D04-8C2C-72506D9D713A}.Debug|iPhoneSimulator.Build.0 = Debug|Any CPU
		{D980CC80-90E3-4D04-8C2C-72506D9D713A}.Debug|x64.ActiveCfg = Debug|Any CPU
		{D980CC80-90E3-4D04-8C2C-72506D9D713A}.Debug|x64.Build.0 = Debug|Any CPU
		{D980CC80-90E3-4D04-8C2C-72506D9D713A}.Debug|x86.ActiveCfg = Debug|Any CPU
		{D980CC80-90E3-4D04-8C2C-72506D9D713A}.Debug|x86.Build.0 = Debug|Any CPU
		{D980CC80-90E3-4D04-8C2C-72506D9D713A}.Release|Any CPU.ActiveCfg = Release|Any CPU
		{D980CC80-90E3-4D04-8C2C-72506D9D713A}.Release|Any CPU.Build.0 = Release|Any CPU
		{D980CC80-90E3-4D04-8C2C-72506D9D713A}.Release|ARM.ActiveCfg = Release|Any CPU
		{D980CC80-90E3-4D04-8C2C-72506D9D713A}.Release|ARM.Build.0 = Release|Any CPU
		{D980CC80-90E3-4D04-8C2C-72506D9D713A}.Release|iPhone.ActiveCfg = Release|Any CPU
		{D980CC80-90E3-4D04-8C2C-72506D9D713A}.Release|iPhone.Build.0 = Release|Any CPU
		{D980CC80-90E3-4D04-8C2C-72506D9D713A}.Release|iPhoneSimulator.ActiveCfg = Release|Any CPU
		{D980CC80-90E3-4D04-8C2C-72506D9D713A}.Release|iPhoneSimulator.Build.0 = Release|Any CPU
		{D980CC80-90E3-4D04-8C2C-72506D9D713A}.Release|x64.ActiveCfg = Release|Any CPU
		{D980CC80-90E3-4D04-8C2C-72506D9D713A}.Release|x64.Build.0 = Release|Any CPU
		{D980CC80-90E3-4D04-8C2C-72506D9D713A}.Release|x86.ActiveCfg = Release|Any CPU
		{D980CC80-90E3-4D04-8C2C-72506D9D713A}.Release|x86.Build.0 = Release|Any CPU
		{1481CCE7-8750-4387-9374-0701B9A993DF}.Debug|Any CPU.ActiveCfg = Debug|Any CPU
		{1481CCE7-8750-4387-9374-0701B9A993DF}.Debug|Any CPU.Build.0 = Debug|Any CPU
		{1481CCE7-8750-4387-9374-0701B9A993DF}.Debug|ARM.ActiveCfg = Debug|Any CPU
		{1481CCE7-8750-4387-9374-0701B9A993DF}.Debug|ARM.Build.0 = Debug|Any CPU
		{1481CCE7-8750-4387-9374-0701B9A993DF}.Debug|iPhone.ActiveCfg = Debug|Any CPU
		{1481CCE7-8750-4387-9374-0701B9A993DF}.Debug|iPhone.Build.0 = Debug|Any CPU
		{1481CCE7-8750-4387-9374-0701B9A993DF}.Debug|iPhoneSimulator.ActiveCfg = Debug|Any CPU
		{1481CCE7-8750-4387-9374-0701B9A993DF}.Debug|iPhoneSimulator.Build.0 = Debug|Any CPU
		{1481CCE7-8750-4387-9374-0701B9A993DF}.Debug|x64.ActiveCfg = Debug|Any CPU
		{1481CCE7-8750-4387-9374-0701B9A993DF}.Debug|x64.Build.0 = Debug|Any CPU
		{1481CCE7-8750-4387-9374-0701B9A993DF}.Debug|x86.ActiveCfg = Debug|Any CPU
		{1481CCE7-8750-4387-9374-0701B9A993DF}.Debug|x86.Build.0 = Debug|Any CPU
		{1481CCE7-8750-4387-9374-0701B9A993DF}.Release|Any CPU.ActiveCfg = Release|Any CPU
		{1481CCE7-8750-4387-9374-0701B9A993DF}.Release|Any CPU.Build.0 = Release|Any CPU
		{1481CCE7-8750-4387-9374-0701B9A993DF}.Release|ARM.ActiveCfg = Release|Any CPU
		{1481CCE7-8750-4387-9374-0701B9A993DF}.Release|ARM.Build.0 = Release|Any CPU
		{1481CCE7-8750-4387-9374-0701B9A993DF}.Release|iPhone.ActiveCfg = Release|Any CPU
		{1481CCE7-8750-4387-9374-0701B9A993DF}.Release|iPhone.Build.0 = Release|Any CPU
		{1481CCE7-8750-4387-9374-0701B9A993DF}.Release|iPhoneSimulator.ActiveCfg = Release|Any CPU
		{1481CCE7-8750-4387-9374-0701B9A993DF}.Release|iPhoneSimulator.Build.0 = Release|Any CPU
		{1481CCE7-8750-4387-9374-0701B9A993DF}.Release|x64.ActiveCfg = Release|Any CPU
		{1481CCE7-8750-4387-9374-0701B9A993DF}.Release|x64.Build.0 = Release|Any CPU
		{1481CCE7-8750-4387-9374-0701B9A993DF}.Release|x86.ActiveCfg = Release|Any CPU
		{1481CCE7-8750-4387-9374-0701B9A993DF}.Release|x86.Build.0 = Release|Any CPU
		{73569CC9-C02F-4DDA-8D8F-29A5690BAE73}.Debug|Any CPU.ActiveCfg = Debug|Any CPU
		{73569CC9-C02F-4DDA-8D8F-29A5690BAE73}.Debug|Any CPU.Build.0 = Debug|Any CPU
		{73569CC9-C02F-4DDA-8D8F-29A5690BAE73}.Debug|ARM.ActiveCfg = Debug|Any CPU
		{73569CC9-C02F-4DDA-8D8F-29A5690BAE73}.Debug|ARM.Build.0 = Debug|Any CPU
		{73569CC9-C02F-4DDA-8D8F-29A5690BAE73}.Debug|iPhone.ActiveCfg = Debug|Any CPU
		{73569CC9-C02F-4DDA-8D8F-29A5690BAE73}.Debug|iPhone.Build.0 = Debug|Any CPU
		{73569CC9-C02F-4DDA-8D8F-29A5690BAE73}.Debug|iPhoneSimulator.ActiveCfg = Debug|Any CPU
		{73569CC9-C02F-4DDA-8D8F-29A5690BAE73}.Debug|iPhoneSimulator.Build.0 = Debug|Any CPU
		{73569CC9-C02F-4DDA-8D8F-29A5690BAE73}.Debug|x64.ActiveCfg = Debug|Any CPU
		{73569CC9-C02F-4DDA-8D8F-29A5690BAE73}.Debug|x64.Build.0 = Debug|Any CPU
		{73569CC9-C02F-4DDA-8D8F-29A5690BAE73}.Debug|x86.ActiveCfg = Debug|Any CPU
		{73569CC9-C02F-4DDA-8D8F-29A5690BAE73}.Debug|x86.Build.0 = Debug|Any CPU
		{73569CC9-C02F-4DDA-8D8F-29A5690BAE73}.Release|Any CPU.ActiveCfg = Release|Any CPU
		{73569CC9-C02F-4DDA-8D8F-29A5690BAE73}.Release|Any CPU.Build.0 = Release|Any CPU
		{73569CC9-C02F-4DDA-8D8F-29A5690BAE73}.Release|ARM.ActiveCfg = Release|Any CPU
		{73569CC9-C02F-4DDA-8D8F-29A5690BAE73}.Release|ARM.Build.0 = Release|Any CPU
		{73569CC9-C02F-4DDA-8D8F-29A5690BAE73}.Release|iPhone.ActiveCfg = Release|Any CPU
		{73569CC9-C02F-4DDA-8D8F-29A5690BAE73}.Release|iPhone.Build.0 = Release|Any CPU
		{73569CC9-C02F-4DDA-8D8F-29A5690BAE73}.Release|iPhoneSimulator.ActiveCfg = Release|Any CPU
		{73569CC9-C02F-4DDA-8D8F-29A5690BAE73}.Release|iPhoneSimulator.Build.0 = Release|Any CPU
		{73569CC9-C02F-4DDA-8D8F-29A5690BAE73}.Release|x64.ActiveCfg = Release|Any CPU
		{73569CC9-C02F-4DDA-8D8F-29A5690BAE73}.Release|x64.Build.0 = Release|Any CPU
		{73569CC9-C02F-4DDA-8D8F-29A5690BAE73}.Release|x86.ActiveCfg = Release|Any CPU
		{73569CC9-C02F-4DDA-8D8F-29A5690BAE73}.Release|x86.Build.0 = Release|Any CPU
		{30A9B8C3-F86B-4455-AC04-72DA1F14B52C}.Debug|Any CPU.ActiveCfg = Debug|Any CPU
		{30A9B8C3-F86B-4455-AC04-72DA1F14B52C}.Debug|Any CPU.Build.0 = Debug|Any CPU
		{30A9B8C3-F86B-4455-AC04-72DA1F14B52C}.Debug|ARM.ActiveCfg = Debug|Any CPU
		{30A9B8C3-F86B-4455-AC04-72DA1F14B52C}.Debug|ARM.Build.0 = Debug|Any CPU
		{30A9B8C3-F86B-4455-AC04-72DA1F14B52C}.Debug|iPhone.ActiveCfg = Debug|Any CPU
		{30A9B8C3-F86B-4455-AC04-72DA1F14B52C}.Debug|iPhone.Build.0 = Debug|Any CPU
		{30A9B8C3-F86B-4455-AC04-72DA1F14B52C}.Debug|iPhoneSimulator.ActiveCfg = Debug|Any CPU
		{30A9B8C3-F86B-4455-AC04-72DA1F14B52C}.Debug|iPhoneSimulator.Build.0 = Debug|Any CPU
		{30A9B8C3-F86B-4455-AC04-72DA1F14B52C}.Debug|x64.ActiveCfg = Debug|Any CPU
		{30A9B8C3-F86B-4455-AC04-72DA1F14B52C}.Debug|x64.Build.0 = Debug|Any CPU
		{30A9B8C3-F86B-4455-AC04-72DA1F14B52C}.Debug|x86.ActiveCfg = Debug|Any CPU
		{30A9B8C3-F86B-4455-AC04-72DA1F14B52C}.Debug|x86.Build.0 = Debug|Any CPU
		{30A9B8C3-F86B-4455-AC04-72DA1F14B52C}.Release|Any CPU.ActiveCfg = Release|Any CPU
		{30A9B8C3-F86B-4455-AC04-72DA1F14B52C}.Release|Any CPU.Build.0 = Release|Any CPU
		{30A9B8C3-F86B-4455-AC04-72DA1F14B52C}.Release|ARM.ActiveCfg = Release|Any CPU
		{30A9B8C3-F86B-4455-AC04-72DA1F14B52C}.Release|ARM.Build.0 = Release|Any CPU
		{30A9B8C3-F86B-4455-AC04-72DA1F14B52C}.Release|iPhone.ActiveCfg = Release|Any CPU
		{30A9B8C3-F86B-4455-AC04-72DA1F14B52C}.Release|iPhone.Build.0 = Release|Any CPU
		{30A9B8C3-F86B-4455-AC04-72DA1F14B52C}.Release|iPhoneSimulator.ActiveCfg = Release|Any CPU
		{30A9B8C3-F86B-4455-AC04-72DA1F14B52C}.Release|iPhoneSimulator.Build.0 = Release|Any CPU
		{30A9B8C3-F86B-4455-AC04-72DA1F14B52C}.Release|x64.ActiveCfg = Release|Any CPU
		{30A9B8C3-F86B-4455-AC04-72DA1F14B52C}.Release|x64.Build.0 = Release|Any CPU
		{30A9B8C3-F86B-4455-AC04-72DA1F14B52C}.Release|x86.ActiveCfg = Release|Any CPU
		{30A9B8C3-F86B-4455-AC04-72DA1F14B52C}.Release|x86.Build.0 = Release|Any CPU
		{9DA16C22-67D2-400C-B772-8BB7A76B428B}.Debug|Any CPU.ActiveCfg = Debug|Any CPU
		{9DA16C22-67D2-400C-B772-8BB7A76B428B}.Debug|Any CPU.Build.0 = Debug|Any CPU
		{9DA16C22-67D2-400C-B772-8BB7A76B428B}.Debug|ARM.ActiveCfg = Debug|Any CPU
		{9DA16C22-67D2-400C-B772-8BB7A76B428B}.Debug|ARM.Build.0 = Debug|Any CPU
		{9DA16C22-67D2-400C-B772-8BB7A76B428B}.Debug|iPhone.ActiveCfg = Debug|Any CPU
		{9DA16C22-67D2-400C-B772-8BB7A76B428B}.Debug|iPhone.Build.0 = Debug|Any CPU
		{9DA16C22-67D2-400C-B772-8BB7A76B428B}.Debug|iPhoneSimulator.ActiveCfg = Debug|Any CPU
		{9DA16C22-67D2-400C-B772-8BB7A76B428B}.Debug|iPhoneSimulator.Build.0 = Debug|Any CPU
		{9DA16C22-67D2-400C-B772-8BB7A76B428B}.Debug|x64.ActiveCfg = Debug|Any CPU
		{9DA16C22-67D2-400C-B772-8BB7A76B428B}.Debug|x64.Build.0 = Debug|Any CPU
		{9DA16C22-67D2-400C-B772-8BB7A76B428B}.Debug|x86.ActiveCfg = Debug|Any CPU
		{9DA16C22-67D2-400C-B772-8BB7A76B428B}.Debug|x86.Build.0 = Debug|Any CPU
		{9DA16C22-67D2-400C-B772-8BB7A76B428B}.Release|Any CPU.ActiveCfg = Release|Any CPU
		{9DA16C22-67D2-400C-B772-8BB7A76B428B}.Release|Any CPU.Build.0 = Release|Any CPU
		{9DA16C22-67D2-400C-B772-8BB7A76B428B}.Release|ARM.ActiveCfg = Release|Any CPU
		{9DA16C22-67D2-400C-B772-8BB7A76B428B}.Release|ARM.Build.0 = Release|Any CPU
		{9DA16C22-67D2-400C-B772-8BB7A76B428B}.Release|iPhone.ActiveCfg = Release|Any CPU
		{9DA16C22-67D2-400C-B772-8BB7A76B428B}.Release|iPhone.Build.0 = Release|Any CPU
		{9DA16C22-67D2-400C-B772-8BB7A76B428B}.Release|iPhoneSimulator.ActiveCfg = Release|Any CPU
		{9DA16C22-67D2-400C-B772-8BB7A76B428B}.Release|iPhoneSimulator.Build.0 = Release|Any CPU
		{9DA16C22-67D2-400C-B772-8BB7A76B428B}.Release|x64.ActiveCfg = Release|Any CPU
		{9DA16C22-67D2-400C-B772-8BB7A76B428B}.Release|x64.Build.0 = Release|Any CPU
		{9DA16C22-67D2-400C-B772-8BB7A76B428B}.Release|x86.ActiveCfg = Release|Any CPU
		{9DA16C22-67D2-400C-B772-8BB7A76B428B}.Release|x86.Build.0 = Release|Any CPU
		{EAFDDE95-7C09-4653-86D5-D2A84E6D1B33}.Debug|Any CPU.ActiveCfg = Debug|x86
		{EAFDDE95-7C09-4653-86D5-D2A84E6D1B33}.Debug|ARM.ActiveCfg = Debug|ARM
		{EAFDDE95-7C09-4653-86D5-D2A84E6D1B33}.Debug|ARM.Build.0 = Debug|ARM
		{EAFDDE95-7C09-4653-86D5-D2A84E6D1B33}.Debug|ARM.Deploy.0 = Debug|ARM
		{EAFDDE95-7C09-4653-86D5-D2A84E6D1B33}.Debug|iPhone.ActiveCfg = Debug|x86
		{EAFDDE95-7C09-4653-86D5-D2A84E6D1B33}.Debug|iPhoneSimulator.ActiveCfg = Debug|x86
		{EAFDDE95-7C09-4653-86D5-D2A84E6D1B33}.Debug|x64.ActiveCfg = Debug|x64
		{EAFDDE95-7C09-4653-86D5-D2A84E6D1B33}.Debug|x64.Build.0 = Debug|x64
		{EAFDDE95-7C09-4653-86D5-D2A84E6D1B33}.Debug|x64.Deploy.0 = Debug|x64
		{EAFDDE95-7C09-4653-86D5-D2A84E6D1B33}.Debug|x86.ActiveCfg = Debug|x86
		{EAFDDE95-7C09-4653-86D5-D2A84E6D1B33}.Debug|x86.Build.0 = Debug|x86
		{EAFDDE95-7C09-4653-86D5-D2A84E6D1B33}.Debug|x86.Deploy.0 = Debug|x86
		{EAFDDE95-7C09-4653-86D5-D2A84E6D1B33}.Release|Any CPU.ActiveCfg = Release|x86
		{EAFDDE95-7C09-4653-86D5-D2A84E6D1B33}.Release|ARM.ActiveCfg = Release|ARM
		{EAFDDE95-7C09-4653-86D5-D2A84E6D1B33}.Release|ARM.Build.0 = Release|ARM
		{EAFDDE95-7C09-4653-86D5-D2A84E6D1B33}.Release|ARM.Deploy.0 = Release|ARM
		{EAFDDE95-7C09-4653-86D5-D2A84E6D1B33}.Release|iPhone.ActiveCfg = Release|x86
		{EAFDDE95-7C09-4653-86D5-D2A84E6D1B33}.Release|iPhoneSimulator.ActiveCfg = Release|x86
		{EAFDDE95-7C09-4653-86D5-D2A84E6D1B33}.Release|x64.ActiveCfg = Release|x64
		{EAFDDE95-7C09-4653-86D5-D2A84E6D1B33}.Release|x64.Build.0 = Release|x64
		{EAFDDE95-7C09-4653-86D5-D2A84E6D1B33}.Release|x64.Deploy.0 = Release|x64
		{EAFDDE95-7C09-4653-86D5-D2A84E6D1B33}.Release|x86.ActiveCfg = Release|x86
		{EAFDDE95-7C09-4653-86D5-D2A84E6D1B33}.Release|x86.Build.0 = Release|x86
		{EAFDDE95-7C09-4653-86D5-D2A84E6D1B33}.Release|x86.Deploy.0 = Release|x86
		{AF28AA09-710F-4112-9401-96182BC38A21}.Debug|Any CPU.ActiveCfg = Debug|Any CPU
		{AF28AA09-710F-4112-9401-96182BC38A21}.Debug|Any CPU.Build.0 = Debug|Any CPU
		{AF28AA09-710F-4112-9401-96182BC38A21}.Debug|Any CPU.Deploy.0 = Debug|Any CPU
		{AF28AA09-710F-4112-9401-96182BC38A21}.Debug|ARM.ActiveCfg = Debug|Any CPU
		{AF28AA09-710F-4112-9401-96182BC38A21}.Debug|ARM.Build.0 = Debug|Any CPU
		{AF28AA09-710F-4112-9401-96182BC38A21}.Debug|ARM.Deploy.0 = Debug|Any CPU
		{AF28AA09-710F-4112-9401-96182BC38A21}.Debug|iPhone.ActiveCfg = Debug|Any CPU
		{AF28AA09-710F-4112-9401-96182BC38A21}.Debug|iPhone.Build.0 = Debug|Any CPU
		{AF28AA09-710F-4112-9401-96182BC38A21}.Debug|iPhone.Deploy.0 = Debug|Any CPU
		{AF28AA09-710F-4112-9401-96182BC38A21}.Debug|iPhoneSimulator.ActiveCfg = Debug|Any CPU
		{AF28AA09-710F-4112-9401-96182BC38A21}.Debug|iPhoneSimulator.Build.0 = Debug|Any CPU
		{AF28AA09-710F-4112-9401-96182BC38A21}.Debug|iPhoneSimulator.Deploy.0 = Debug|Any CPU
		{AF28AA09-710F-4112-9401-96182BC38A21}.Debug|x64.ActiveCfg = Debug|Any CPU
		{AF28AA09-710F-4112-9401-96182BC38A21}.Debug|x64.Build.0 = Debug|Any CPU
		{AF28AA09-710F-4112-9401-96182BC38A21}.Debug|x64.Deploy.0 = Debug|Any CPU
		{AF28AA09-710F-4112-9401-96182BC38A21}.Debug|x86.ActiveCfg = Debug|Any CPU
		{AF28AA09-710F-4112-9401-96182BC38A21}.Debug|x86.Build.0 = Debug|Any CPU
		{AF28AA09-710F-4112-9401-96182BC38A21}.Debug|x86.Deploy.0 = Debug|Any CPU
		{AF28AA09-710F-4112-9401-96182BC38A21}.Release|Any CPU.ActiveCfg = Release|Any CPU
		{AF28AA09-710F-4112-9401-96182BC38A21}.Release|Any CPU.Build.0 = Release|Any CPU
		{AF28AA09-710F-4112-9401-96182BC38A21}.Release|Any CPU.Deploy.0 = Release|Any CPU
		{AF28AA09-710F-4112-9401-96182BC38A21}.Release|ARM.ActiveCfg = Release|Any CPU
		{AF28AA09-710F-4112-9401-96182BC38A21}.Release|ARM.Build.0 = Release|Any CPU
		{AF28AA09-710F-4112-9401-96182BC38A21}.Release|ARM.Deploy.0 = Release|Any CPU
		{AF28AA09-710F-4112-9401-96182BC38A21}.Release|iPhone.ActiveCfg = Release|Any CPU
		{AF28AA09-710F-4112-9401-96182BC38A21}.Release|iPhone.Build.0 = Release|Any CPU
		{AF28AA09-710F-4112-9401-96182BC38A21}.Release|iPhone.Deploy.0 = Release|Any CPU
		{AF28AA09-710F-4112-9401-96182BC38A21}.Release|iPhoneSimulator.ActiveCfg = Release|Any CPU
		{AF28AA09-710F-4112-9401-96182BC38A21}.Release|iPhoneSimulator.Build.0 = Release|Any CPU
		{AF28AA09-710F-4112-9401-96182BC38A21}.Release|iPhoneSimulator.Deploy.0 = Release|Any CPU
		{AF28AA09-710F-4112-9401-96182BC38A21}.Release|x64.ActiveCfg = Release|Any CPU
		{AF28AA09-710F-4112-9401-96182BC38A21}.Release|x64.Build.0 = Release|Any CPU
		{AF28AA09-710F-4112-9401-96182BC38A21}.Release|x64.Deploy.0 = Release|Any CPU
		{AF28AA09-710F-4112-9401-96182BC38A21}.Release|x86.ActiveCfg = Release|Any CPU
		{AF28AA09-710F-4112-9401-96182BC38A21}.Release|x86.Build.0 = Release|Any CPU
		{AF28AA09-710F-4112-9401-96182BC38A21}.Release|x86.Deploy.0 = Release|Any CPU
		{4A598578-9173-45A0-B6DB-C436122000A8}.Debug|Any CPU.ActiveCfg = Debug|iPhone
		{4A598578-9173-45A0-B6DB-C436122000A8}.Debug|ARM.ActiveCfg = Debug|iPhone
		{4A598578-9173-45A0-B6DB-C436122000A8}.Debug|iPhone.ActiveCfg = Debug|iPhone
		{4A598578-9173-45A0-B6DB-C436122000A8}.Debug|iPhone.Build.0 = Debug|iPhone
		{4A598578-9173-45A0-B6DB-C436122000A8}.Debug|iPhoneSimulator.ActiveCfg = Debug|iPhoneSimulator
		{4A598578-9173-45A0-B6DB-C436122000A8}.Debug|iPhoneSimulator.Build.0 = Debug|iPhoneSimulator
		{4A598578-9173-45A0-B6DB-C436122000A8}.Debug|x64.ActiveCfg = Debug|iPhone
		{4A598578-9173-45A0-B6DB-C436122000A8}.Debug|x86.ActiveCfg = Debug|iPhone
		{4A598578-9173-45A0-B6DB-C436122000A8}.Release|Any CPU.ActiveCfg = Release|iPhone
		{4A598578-9173-45A0-B6DB-C436122000A8}.Release|ARM.ActiveCfg = Release|iPhone
		{4A598578-9173-45A0-B6DB-C436122000A8}.Release|iPhone.ActiveCfg = Release|iPhone
		{4A598578-9173-45A0-B6DB-C436122000A8}.Release|iPhone.Build.0 = Release|iPhone
		{4A598578-9173-45A0-B6DB-C436122000A8}.Release|iPhoneSimulator.ActiveCfg = Release|iPhoneSimulator
		{4A598578-9173-45A0-B6DB-C436122000A8}.Release|iPhoneSimulator.Build.0 = Release|iPhoneSimulator
		{4A598578-9173-45A0-B6DB-C436122000A8}.Release|x64.ActiveCfg = Release|iPhone
		{4A598578-9173-45A0-B6DB-C436122000A8}.Release|x86.ActiveCfg = Release|iPhone
		{E6CB4257-ABCA-4C5D-8A90-6D57AC05735D}.Debug|Any CPU.ActiveCfg = Debug|Any CPU
		{E6CB4257-ABCA-4C5D-8A90-6D57AC05735D}.Debug|Any CPU.Build.0 = Debug|Any CPU
		{E6CB4257-ABCA-4C5D-8A90-6D57AC05735D}.Debug|ARM.ActiveCfg = Debug|Any CPU
		{E6CB4257-ABCA-4C5D-8A90-6D57AC05735D}.Debug|ARM.Build.0 = Debug|Any CPU
		{E6CB4257-ABCA-4C5D-8A90-6D57AC05735D}.Debug|iPhone.ActiveCfg = Debug|Any CPU
		{E6CB4257-ABCA-4C5D-8A90-6D57AC05735D}.Debug|iPhone.Build.0 = Debug|Any CPU
		{E6CB4257-ABCA-4C5D-8A90-6D57AC05735D}.Debug|iPhoneSimulator.ActiveCfg = Debug|Any CPU
		{E6CB4257-ABCA-4C5D-8A90-6D57AC05735D}.Debug|iPhoneSimulator.Build.0 = Debug|Any CPU
		{E6CB4257-ABCA-4C5D-8A90-6D57AC05735D}.Debug|x64.ActiveCfg = Debug|Any CPU
		{E6CB4257-ABCA-4C5D-8A90-6D57AC05735D}.Debug|x64.Build.0 = Debug|Any CPU
		{E6CB4257-ABCA-4C5D-8A90-6D57AC05735D}.Debug|x86.ActiveCfg = Debug|Any CPU
		{E6CB4257-ABCA-4C5D-8A90-6D57AC05735D}.Debug|x86.Build.0 = Debug|Any CPU
		{E6CB4257-ABCA-4C5D-8A90-6D57AC05735D}.Release|Any CPU.ActiveCfg = Release|Any CPU
		{E6CB4257-ABCA-4C5D-8A90-6D57AC05735D}.Release|Any CPU.Build.0 = Release|Any CPU
		{E6CB4257-ABCA-4C5D-8A90-6D57AC05735D}.Release|ARM.ActiveCfg = Release|Any CPU
		{E6CB4257-ABCA-4C5D-8A90-6D57AC05735D}.Release|ARM.Build.0 = Release|Any CPU
		{E6CB4257-ABCA-4C5D-8A90-6D57AC05735D}.Release|iPhone.ActiveCfg = Release|Any CPU
		{E6CB4257-ABCA-4C5D-8A90-6D57AC05735D}.Release|iPhone.Build.0 = Release|Any CPU
		{E6CB4257-ABCA-4C5D-8A90-6D57AC05735D}.Release|iPhoneSimulator.ActiveCfg = Release|Any CPU
		{E6CB4257-ABCA-4C5D-8A90-6D57AC05735D}.Release|iPhoneSimulator.Build.0 = Release|Any CPU
		{E6CB4257-ABCA-4C5D-8A90-6D57AC05735D}.Release|x64.ActiveCfg = Release|Any CPU
		{E6CB4257-ABCA-4C5D-8A90-6D57AC05735D}.Release|x64.Build.0 = Release|Any CPU
		{E6CB4257-ABCA-4C5D-8A90-6D57AC05735D}.Release|x86.ActiveCfg = Release|Any CPU
		{E6CB4257-ABCA-4C5D-8A90-6D57AC05735D}.Release|x86.Build.0 = Release|Any CPU
	EndGlobalSection
	GlobalSection(SolutionProperties) = preSolution
		HideSolutionNode = FALSE
	EndGlobalSection
	GlobalSection(NestedProjects) = preSolution
		{9DA16C22-67D2-400C-B772-8BB7A76B428B} = {A9F87DEB-96CB-4CC7-A8CB-383B896CDD16}
		{EAFDDE95-7C09-4653-86D5-D2A84E6D1B33} = {A9F87DEB-96CB-4CC7-A8CB-383B896CDD16}
		{AF28AA09-710F-4112-9401-96182BC38A21} = {A9F87DEB-96CB-4CC7-A8CB-383B896CDD16}
		{4A598578-9173-45A0-B6DB-C436122000A8} = {A9F87DEB-96CB-4CC7-A8CB-383B896CDD16}
		{E6CB4257-ABCA-4C5D-8A90-6D57AC05735D} = {A9F87DEB-96CB-4CC7-A8CB-383B896CDD16}
	EndGlobalSection
	GlobalSection(ExtensibilityGlobals) = postSolution
		SolutionGuid = {CB9CD5D4-32F5-42E2-9A12-0DD71041C678}
	EndGlobalSection
EndGlobal
